
Microsoft Visual Studio Solution File, Format Version 12.00
# Visual Studio 2013
VisualStudioVersion = 12.0.40629.0
MinimumVisualStudioVersion = 10.0.40219.1
Project("{FAE04EC0-301F-11D3-BF4B-00C04F79EFBC}") = "SocketProgramming", "SocketProgramming\SocketProgramming.csproj", "{FACAD269-7C40-4599-9510-1BD7245A4606}"
EndProject
Project("{FAE04EC0-301F-11D3-BF4B-00C04F79EFBC}") = "SocketProgramming_Client", "SocketProgramming_Client\SocketProgramming_Client.csproj", "{7AF52E16-11E6-4D8E-BC59-C176C85548B7}"
EndProject
Global
	GlobalSection(SolutionConfigurationPlatforms) = preSolution
		Debug|Any CPU = Debug|Any CPU
		Release|Any CPU = Release|Any CPU
	EndGlobalSection
	GlobalSection(ProjectConfigurationPlatforms) = postSolution
		{FACAD269-7C40-4599-9510-1BD7245A4606}.Debug|Any CPU.ActiveCfg = Debug|Any CPU
		{FACAD269-7C40-4599-9510-1BD7245A4606}.Debug|Any CPU.Build.0 = Debug|Any CPU
		{FACAD269-7C40-4599-9510-1BD7245A4606}.Release|Any CPU.ActiveCfg = Release|Any CPU
		{FACAD269-7C40-4599-9510-1BD7245A4606}.Release|Any CPU.Build.0 = Release|Any CPU
		{7AF52E16-11E6-4D8E-BC59-C176C85548B7}.Debug|Any CPU.ActiveCfg = Debug|Any CPU
		{7AF52E16-11E6-4D8E-BC59-C176C85548B7}.Debug|Any CPU.Build.0 = Debug|Any CPU
		{7AF52E16-11E6-4D8E-BC59-C176C85548B7}.Release|Any CPU.ActiveCfg = Release|Any CPU
		{7AF52E16-11E6-4D8E-BC59-C176C85548B7}.Release|Any CPU.Build.0 = Release|Any CPU
	EndGlobalSection
	GlobalSection(SolutionProperties) = preSolution
		HideSolutionNode = FALSE
	EndGlobalSection
EndGlobal
